
Microsoft Visual Studio Solution File, Format Version 12.00
# Visual Studio Version 17
VisualStudioVersion = 17.5.33502.453
MinimumVisualStudioVersion = 10.0.40219.1
Project("{9A19103F-16F7-4668-BE54-9A1E7A4F7556}") = "API", "API\API.csproj", "{D809DF41-8197-4348-9A0C-D148DF216D4F}"
EndProject
Project("{FAE04EC0-301F-11D3-BF4B-00C04F79EFBC}") = "Client", "Client\Client.csproj", "{52BCBF2B-0D4D-4778-A72E-6CBBEF9F7A30}"
EndProject
Global
	GlobalSection(SolutionConfigurationPlatforms) = preSolution
		Debug|Any CPU = Debug|Any CPU
		Release|Any CPU = Release|Any CPU
	EndGlobalSection
	GlobalSection(ProjectConfigurationPlatforms) = postSolution
		{D809DF41-8197-4348-9A0C-D148DF216D4F}.Debug|Any CPU.ActiveCfg = Debug|Any CPU
		{D809DF41-8197-4348-9A0C-D148DF216D4F}.Debug|Any CPU.Build.0 = Debug|Any CPU
		{D809DF41-8197-4348-9A0C-D148DF216D4F}.Release|Any CPU.ActiveCfg = Release|Any CPU
		{D809DF41-8197-4348-9A0C-D148DF216D4F}.Release|Any CPU.Build.0 = Release|Any CPU
		{52BCBF2B-0D4D-4778-A72E-6CBBEF9F7A30}.Debug|Any CPU.ActiveCfg = Debug|Any CPU
		{52BCBF2B-0D4D-4778-A72E-6CBBEF9F7A30}.Debug|Any CPU.Build.0 = Debug|Any CPU
		{52BCBF2B-0D4D-4778-A72E-6CBBEF9F7A30}.Release|Any CPU.ActiveCfg = Release|Any CPU
		{52BCBF2B-0D4D-4778-A72E-6CBBEF9F7A30}.Release|Any CPU.Build.0 = Release|Any CPU
	EndGlobalSection
	GlobalSection(SolutionProperties) = preSolution
		HideSolutionNode = FALSE
	EndGlobalSection
	GlobalSection(ExtensibilityGlobals) = postSolution
		SolutionGuid = {EE129821-0062-41CD-9B1F-10A12EA8D994}
	EndGlobalSection
EndGlobal
